// !$*UTF8*$!
{
	archiveVersion = 1;
	classes = {
	};
	objectVersion = 50;
	objects = {

/* Begin PBXBuildFile section */
		D07E0FC627BA3CAB00FECD3E /* PresenterTest.swift in Sources */ = {isa = PBXBuildFile; fileRef = D07E0FC527BA3CAA00FECD3E /* PresenterTest.swift */; };
		D0C1A46527B4DA8F008F00D3 /* AppDelegate.swift in Sources */ = {isa = PBXBuildFile; fileRef = D0C1A46427B4DA8F008F00D3 /* AppDelegate.swift */; };
		D0C1A46727B4DA8F008F00D3 /* SceneDelegate.swift in Sources */ = {isa = PBXBuildFile; fileRef = D0C1A46627B4DA8F008F00D3 /* SceneDelegate.swift */; };
		D0C1A46C27B4DA8F008F00D3 /* Main.storyboard in Resources */ = {isa = PBXBuildFile; fileRef = D0C1A46A27B4DA8F008F00D3 /* Main.storyboard */; };
		D0C1A46F27B4DA8F008F00D3 /* ViperArchitectureDemo.xcdatamodeld in Sources */ = {isa = PBXBuildFile; fileRef = D0C1A46D27B4DA8F008F00D3 /* ViperArchitectureDemo.xcdatamodeld */; };
		D0C1A47127B4DA90008F00D3 /* Assets.xcassets in Resources */ = {isa = PBXBuildFile; fileRef = D0C1A47027B4DA90008F00D3 /* Assets.xcassets */; };
		D0C1A47427B4DA90008F00D3 /* LaunchScreen.storyboard in Resources */ = {isa = PBXBuildFile; fileRef = D0C1A47227B4DA90008F00D3 /* LaunchScreen.storyboard */; };
		D0C1A47F27B4DA91008F00D3 /* ViperArchitectureDemoTests.swift in Sources */ = {isa = PBXBuildFile; fileRef = D0C1A47E27B4DA91008F00D3 /* ViperArchitectureDemoTests.swift */; };
		D0C1A48A27B4DA91008F00D3 /* ViperArchitectureDemoUITests.swift in Sources */ = {isa = PBXBuildFile; fileRef = D0C1A48927B4DA91008F00D3 /* ViperArchitectureDemoUITests.swift */; };
		D0C1A49B27B4DAFB008F00D3 /* NoticeProtocols.swift in Sources */ = {isa = PBXBuildFile; fileRef = D0C1A49A27B4DAFB008F00D3 /* NoticeProtocols.swift */; };
		D0C1A4A027B4DDE1008F00D3 /* NoticeModel.swift in Sources */ = {isa = PBXBuildFile; fileRef = D0C1A49F27B4DDE1008F00D3 /* NoticeModel.swift */; };
		D0C1A4AB27B4E0D5008F00D3 /* NoticeViewController.swift in Sources */ = {isa = PBXBuildFile; fileRef = D0C1A4AA27B4E0D5008F00D3 /* NoticeViewController.swift */; };
		D0C1A4B027B4E1E7008F00D3 /* NoticePresenter.swift in Sources */ = {isa = PBXBuildFile; fileRef = D0C1A4AF27B4E1E7008F00D3 /* NoticePresenter.swift */; };
		D0C1A4B527B4E96E008F00D3 /* NoticeInteractor.swift in Sources */ = {isa = PBXBuildFile; fileRef = D0C1A4B427B4E96E008F00D3 /* NoticeInteractor.swift */; };
		D0C1A4BA27B4EFB2008F00D3 /* NoticeRouter.swift in Sources */ = {isa = PBXBuildFile; fileRef = D0C1A4B927B4EFB2008F00D3 /* NoticeRouter.swift */; };
/* End PBXBuildFile section */

/* Begin PBXContainerItemProxy section */
		D0C1A47B27B4DA91008F00D3 /* PBXContainerItemProxy */ = {
			isa = PBXContainerItemProxy;
			containerPortal = D0C1A45927B4DA8F008F00D3 /* Project object */;
			proxyType = 1;
			remoteGlobalIDString = D0C1A46027B4DA8F008F00D3;
			remoteInfo = ViperArchitectureDemo;
		};
		D0C1A48627B4DA91008F00D3 /* PBXContainerItemProxy */ = {
			isa = PBXContainerItemProxy;
			containerPortal = D0C1A45927B4DA8F008F00D3 /* Project object */;
			proxyType = 1;
			remoteGlobalIDString = D0C1A46027B4DA8F008F00D3;
			remoteInfo = ViperArchitectureDemo;
		};
/* End PBXContainerItemProxy section */

/* Begin PBXFileReference section */
		D07E0FC527BA3CAA00FECD3E /* PresenterTest.swift */ = {isa = PBXFileReference; lastKnownFileType = sourcecode.swift; path = PresenterTest.swift; sourceTree = "<group>"; };
		D0C1A46127B4DA8F008F00D3 /* ViperArchitectureDemo.app */ = {isa = PBXFileReference; explicitFileType = wrapper.application; includeInIndex = 0; path = ViperArchitectureDemo.app; sourceTree = BUILT_PRODUCTS_DIR; };
		D0C1A46427B4DA8F008F00D3 /* AppDelegate.swift */ = {isa = PBXFileReference; lastKnownFileType = sourcecode.swift; path = AppDelegate.swift; sourceTree = "<group>"; };
		D0C1A46627B4DA8F008F00D3 /* SceneDelegate.swift */ = {isa = PBXFileReference; lastKnownFileType = sourcecode.swift; path = SceneDelegate.swift; sourceTree = "<group>"; };
		D0C1A46B27B4DA8F008F00D3 /* Base */ = {isa = PBXFileReference; lastKnownFileType = file.storyboard; name = Base; path = Base.lproj/Main.storyboard; sourceTree = "<group>"; };
		D0C1A46E27B4DA8F008F00D3 /* ViperArchitectureDemo.xcdatamodel */ = {isa = PBXFileReference; lastKnownFileType = wrapper.xcdatamodel; path = ViperArchitectureDemo.xcdatamodel; sourceTree = "<group>"; };
		D0C1A47027B4DA90008F00D3 /* Assets.xcassets */ = {isa = PBXFileReference; lastKnownFileType = folder.assetcatalog; path = Assets.xcassets; sourceTree = "<group>"; };
		D0C1A47327B4DA90008F00D3 /* Base */ = {isa = PBXFileReference; lastKnownFileType = file.storyboard; name = Base; path = Base.lproj/LaunchScreen.storyboard; sourceTree = "<group>"; };
		D0C1A47527B4DA91008F00D3 /* Info.plist */ = {isa = PBXFileReference; lastKnownFileType = text.plist.xml; path = Info.plist; sourceTree = "<group>"; };
		D0C1A47A27B4DA91008F00D3 /* ViperArchitectureDemoTests.xctest */ = {isa = PBXFileReference; explicitFileType = wrapper.cfbundle; includeInIndex = 0; path = ViperArchitectureDemoTests.xctest; sourceTree = BUILT_PRODUCTS_DIR; };
		D0C1A47E27B4DA91008F00D3 /* ViperArchitectureDemoTests.swift */ = {isa = PBXFileReference; lastKnownFileType = sourcecode.swift; path = ViperArchitectureDemoTests.swift; sourceTree = "<group>"; };
		D0C1A48027B4DA91008F00D3 /* Info.plist */ = {isa = PBXFileReference; lastKnownFileType = text.plist.xml; path = Info.plist; sourceTree = "<group>"; };
		D0C1A48527B4DA91008F00D3 /* ViperArchitectureDemoUITests.xctest */ = {isa = PBXFileReference; explicitFileType = wrapper.cfbundle; includeInIndex = 0; path = ViperArchitectureDemoUITests.xctest; sourceTree = BUILT_PRODUCTS_DIR; };
		D0C1A48927B4DA91008F00D3 /* ViperArchitectureDemoUITests.swift */ = {isa = PBXFileReference; lastKnownFileType = sourcecode.swift; path = ViperArchitectureDemoUITests.swift; sourceTree = "<group>"; };
		D0C1A48B27B4DA91008F00D3 /* Info.plist */ = {isa = PBXFileReference; lastKnownFileType = text.plist.xml; path = Info.plist; sourceTree = "<group>"; };
		D0C1A49A27B4DAFB008F00D3 /* NoticeProtocols.swift */ = {isa = PBXFileReference; lastKnownFileType = sourcecode.swift; path = NoticeProtocols.swift; sourceTree = "<group>"; };
		D0C1A49F27B4DDE1008F00D3 /* NoticeModel.swift */ = {isa = PBXFileReference; lastKnownFileType = sourcecode.swift; path = NoticeModel.swift; sourceTree = "<group>"; };
		D0C1A4AA27B4E0D5008F00D3 /* NoticeViewController.swift */ = {isa = PBXFileReference; fileEncoding = 4; lastKnownFileType = sourcecode.swift; path = NoticeViewController.swift; sourceTree = "<group>"; };
		D0C1A4AF27B4E1E7008F00D3 /* NoticePresenter.swift */ = {isa = PBXFileReference; lastKnownFileType = sourcecode.swift; path = NoticePresenter.swift; sourceTree = "<group>"; };
		D0C1A4B427B4E96E008F00D3 /* NoticeInteractor.swift */ = {isa = PBXFileReference; lastKnownFileType = sourcecode.swift; path = NoticeInteractor.swift; sourceTree = "<group>"; };
		D0C1A4B927B4EFB2008F00D3 /* NoticeRouter.swift */ = {isa = PBXFileReference; lastKnownFileType = sourcecode.swift; path = NoticeRouter.swift; sourceTree = "<group>"; };
/* End PBXFileReference section */

/* Begin PBXFrameworksBuildPhase section */
		D0C1A45E27B4DA8F008F00D3 /* Frameworks */ = {
			isa = PBXFrameworksBuildPhase;
			buildActionMask = 2147483647;
			files = (
			);
			runOnlyForDeploymentPostprocessing = 0;
		};
		D0C1A47727B4DA91008F00D3 /* Frameworks */ = {
			isa = PBXFrameworksBuildPhase;
			buildActionMask = 2147483647;
			files = (
			);
			runOnlyForDeploymentPostprocessing = 0;
		};
		D0C1A48227B4DA91008F00D3 /* Frameworks */ = {
			isa = PBXFrameworksBuildPhase;
			buildActionMask = 2147483647;
			files = (
			);
			runOnlyForDeploymentPostprocessing = 0;
		};
/* End PBXFrameworksBuildPhase section */

/* Begin PBXGroup section */
		D0C1A45827B4DA8F008F00D3 = {
			isa = PBXGroup;
			children = (
				D0C1A46327B4DA8F008F00D3 /* ViperArchitectureDemo */,
				D0C1A47D27B4DA91008F00D3 /* ViperArchitectureDemoTests */,
				D0C1A48827B4DA91008F00D3 /* ViperArchitectureDemoUITests */,
				D0C1A46227B4DA8F008F00D3 /* Products */,
			);
			sourceTree = "<group>";
		};
		D0C1A46227B4DA8F008F00D3 /* Products */ = {
			isa = PBXGroup;
			children = (
				D0C1A46127B4DA8F008F00D3 /* ViperArchitectureDemo.app */,
				D0C1A47A27B4DA91008F00D3 /* ViperArchitectureDemoTests.xctest */,
				D0C1A48527B4DA91008F00D3 /* ViperArchitectureDemoUITests.xctest */,
			);
			name = Products;
			sourceTree = "<group>";
		};
		D0C1A46327B4DA8F008F00D3 /* ViperArchitectureDemo */ = {
			isa = PBXGroup;
			children = (
				D0C1A46427B4DA8F008F00D3 /* AppDelegate.swift */,
				D0C1A46627B4DA8F008F00D3 /* SceneDelegate.swift */,
				D0C1A4AA27B4E0D5008F00D3 /* NoticeViewController.swift */,
				D0C1A46A27B4DA8F008F00D3 /* Main.storyboard */,
				D0C1A47027B4DA90008F00D3 /* Assets.xcassets */,
				D0C1A47227B4DA90008F00D3 /* LaunchScreen.storyboard */,
				D0C1A47527B4DA91008F00D3 /* Info.plist */,
				D0C1A46D27B4DA8F008F00D3 /* ViperArchitectureDemo.xcdatamodeld */,
				D0C1A4AF27B4E1E7008F00D3 /* NoticePresenter.swift */,
				D0C1A4B427B4E96E008F00D3 /* NoticeInteractor.swift */,
				D0C1A4B927B4EFB2008F00D3 /* NoticeRouter.swift */,
				D0C1A49A27B4DAFB008F00D3 /* NoticeProtocols.swift */,
				D0C1A49F27B4DDE1008F00D3 /* NoticeModel.swift */,
			);
			path = ViperArchitectureDemo;
			sourceTree = "<group>";
		};
		D0C1A47D27B4DA91008F00D3 /* ViperArchitectureDemoTests */ = {
			isa = PBXGroup;
			children = (
				D0C1A47E27B4DA91008F00D3 /* ViperArchitectureDemoTests.swift */,
				D07E0FC527BA3CAA00FECD3E /* PresenterTest.swift */,
				D0C1A48027B4DA91008F00D3 /* Info.plist */,
			);
			path = ViperArchitectureDemoTests;
			sourceTree = "<group>";
		};
		D0C1A48827B4DA91008F00D3 /* ViperArchitectureDemoUITests */ = {
			isa = PBXGroup;
			children = (
				D0C1A48927B4DA91008F00D3 /* ViperArchitectureDemoUITests.swift */,
				D0C1A48B27B4DA91008F00D3 /* Info.plist */,
			);
			path = ViperArchitectureDemoUITests;
			sourceTree = "<group>";
		};
/* End PBXGroup section */

/* Begin PBXNativeTarget section */
		D0C1A46027B4DA8F008F00D3 /* ViperArchitectureDemo */ = {
			isa = PBXNativeTarget;
			buildConfigurationList = D0C1A48E27B4DA91008F00D3 /* Build configuration list for PBXNativeTarget "ViperArchitectureDemo" */;
			buildPhases = (
				D0C1A45D27B4DA8F008F00D3 /* Sources */,
				D0C1A45E27B4DA8F008F00D3 /* Frameworks */,
				D0C1A45F27B4DA8F008F00D3 /* Resources */,
			);
			buildRules = (
			);
			dependencies = (
			);
			name = ViperArchitectureDemo;
			productName = ViperArchitectureDemo;
			productReference = D0C1A46127B4DA8F008F00D3 /* ViperArchitectureDemo.app */;
			productType = "com.apple.product-type.application";
		};
		D0C1A47927B4DA91008F00D3 /* ViperArchitectureDemoTests */ = {
			isa = PBXNativeTarget;
			buildConfigurationList = D0C1A49127B4DA91008F00D3 /* Build configuration list for PBXNativeTarget "ViperArchitectureDemoTests" */;
			buildPhases = (
				D0C1A47627B4DA91008F00D3 /* Sources */,
				D0C1A47727B4DA91008F00D3 /* Frameworks */,
				D0C1A47827B4DA91008F00D3 /* Resources */,
			);
			buildRules = (
			);
			dependencies = (
				D0C1A47C27B4DA91008F00D3 /* PBXTargetDependency */,
			);
			name = ViperArchitectureDemoTests;
			productName = ViperArchitectureDemoTests;
			productReference = D0C1A47A27B4DA91008F00D3 /* ViperArchitectureDemoTests.xctest */;
			productType = "com.apple.product-type.bundle.unit-test";
		};
		D0C1A48427B4DA91008F00D3 /* ViperArchitectureDemoUITests */ = {
			isa = PBXNativeTarget;
			buildConfigurationList = D0C1A49427B4DA91008F00D3 /* Build configuration list for PBXNativeTarget "ViperArchitectureDemoUITests" */;
			buildPhases = (
				D0C1A48127B4DA91008F00D3 /* Sources */,
				D0C1A48227B4DA91008F00D3 /* Frameworks */,
				D0C1A48327B4DA91008F00D3 /* Resources */,
			);
			buildRules = (
			);
			dependencies = (
				D0C1A48727B4DA91008F00D3 /* PBXTargetDependency */,
			);
			name = ViperArchitectureDemoUITests;
			productName = ViperArchitectureDemoUITests;
			productReference = D0C1A48527B4DA91008F00D3 /* ViperArchitectureDemoUITests.xctest */;
			productType = "com.apple.product-type.bundle.ui-testing";
		};
/* End PBXNativeTarget section */

/* Begin PBXProject section */
		D0C1A45927B4DA8F008F00D3 /* Project object */ = {
			isa = PBXProject;
			attributes = {
				LastSwiftUpdateCheck = 1240;
				LastUpgradeCheck = 1240;
				TargetAttributes = {
					D0C1A46027B4DA8F008F00D3 = {
						CreatedOnToolsVersion = 12.4;
					};
					D0C1A47927B4DA91008F00D3 = {
						CreatedOnToolsVersion = 12.4;
						TestTargetID = D0C1A46027B4DA8F008F00D3;
					};
					D0C1A48427B4DA91008F00D3 = {
						CreatedOnToolsVersion = 12.4;
						TestTargetID = D0C1A46027B4DA8F008F00D3;
					};
				};
			};
			buildConfigurationList = D0C1A45C27B4DA8F008F00D3 /* Build configuration list for PBXProject "ViperArchitectureDemo" */;
			compatibilityVersion = "Xcode 9.3";
			developmentRegion = en;
			hasScannedForEncodings = 0;
			knownRegions = (
				en,
				Base,
			);
			mainGroup = D0C1A45827B4DA8F008F00D3;
			productRefGroup = D0C1A46227B4DA8F008F00D3 /* Products */;
			projectDirPath = "";
			projectRoot = "";
			targets = (
				D0C1A46027B4DA8F008F00D3 /* ViperArchitectureDemo */,
				D0C1A47927B4DA91008F00D3 /* ViperArchitectureDemoTests */,
				D0C1A48427B4DA91008F00D3 /* ViperArchitectureDemoUITests */,
			);
		};
/* End PBXProject section */

/* Begin PBXResourcesBuildPhase section */
		D0C1A45F27B4DA8F008F00D3 /* Resources */ = {
			isa = PBXResourcesBuildPhase;
			buildActionMask = 2147483647;
			files = (
				D0C1A47427B4DA90008F00D3 /* LaunchScreen.storyboard in Resources */,
				D0C1A47127B4DA90008F00D3 /* Assets.xcassets in Resources */,
				D0C1A46C27B4DA8F008F00D3 /* Main.storyboard in Resources */,
			);
			runOnlyForDeploymentPostprocessing = 0;
		};
		D0C1A47827B4DA91008F00D3 /* Resources */ = {
			isa = PBXResourcesBuildPhase;
			buildActionMask = 2147483647;
			files = (
			);
			runOnlyForDeploymentPostprocessing = 0;
		};
		D0C1A48327B4DA91008F00D3 /* Resources */ = {
			isa = PBXResourcesBuildPhase;
			buildActionMask = 2147483647;
			files = (
			);
			runOnlyForDeploymentPostprocessing = 0;
		};
/* End PBXResourcesBuildPhase section */

/* Begin PBXSourcesBuildPhase section */
		D0C1A45D27B4DA8F008F00D3 /* Sources */ = {
			isa = PBXSourcesBuildPhase;
			buildActionMask = 2147483647;
			files = (
				D0C1A4B027B4E1E7008F00D3 /* NoticePresenter.swift in Sources */,
				D0C1A49B27B4DAFB008F00D3 /* NoticeProtocols.swift in Sources */,
				D0C1A46F27B4DA8F008F00D3 /* ViperArchitectureDemo.xcdatamodeld in Sources */,
				D0C1A4A027B4DDE1008F00D3 /* NoticeModel.swift in Sources */,
				D0C1A46527B4DA8F008F00D3 /* AppDelegate.swift in Sources */,
				D0C1A4BA27B4EFB2008F00D3 /* NoticeRouter.swift in Sources */,
				D0C1A4AB27B4E0D5008F00D3 /* NoticeViewController.swift in Sources */,
				D0C1A4B527B4E96E008F00D3 /* NoticeInteractor.swift in Sources */,
				D0C1A46727B4DA8F008F00D3 /* SceneDelegate.swift in Sources */,
			);
			runOnlyForDeploymentPostprocessing = 0;
		};
		D0C1A47627B4DA91008F00D3 /* Sources */ = {
			isa = PBXSourcesBuildPhase;
			buildActionMask = 2147483647;
			files = (
				D07E0FC627BA3CAB00FECD3E /* PresenterTest.swift in Sources */,
				D0C1A47F27B4DA91008F00D3 /* ViperArchitectureDemoTests.swift in Sources */,
			);
			runOnlyForDeploymentPostprocessing = 0;
		};
		D0C1A48127B4DA91008F00D3 /* Sources */ = {
			isa = PBXSourcesBuildPhase;
			buildActionMask = 2147483647;
			files = (
				D0C1A48A27B4DA91008F00D3 /* ViperArchitectureDemoUITests.swift in Sources */,
			);
			runOnlyForDeploymentPostprocessing = 0;
		};
/* End PBXSourcesBuildPhase section */

/* Begin PBXTargetDependency section */
		D0C1A47C27B4DA91008F00D3 /* PBXTargetDependency */ = {
			isa = PBXTargetDependency;
			target = D0C1A46027B4DA8F008F00D3 /* ViperArchitectureDemo */;
			targetProxy = D0C1A47B27B4DA91008F00D3 /* PBXContainerItemProxy */;
		};
		D0C1A48727B4DA91008F00D3 /* PBXTargetDependency */ = {
			isa = PBXTargetDependency;
			target = D0C1A46027B4DA8F008F00D3 /* ViperArchitectureDemo */;
			targetProxy = D0C1A48627B4DA91008F00D3 /* PBXContainerItemProxy */;
		};
/* End PBXTargetDependency section */

/* Begin PBXVariantGroup section */
		D0C1A46A27B4DA8F008F00D3 /* Main.storyboard */ = {
			isa = PBXVariantGroup;
			children = (
				D0C1A46B27B4DA8F008F00D3 /* Base */,
			);
			name = Main.storyboard;
			sourceTree = "<group>";
		};
		D0C1A47227B4DA90008F00D3 /* LaunchScreen.storyboard */ = {
			isa = PBXVariantGroup;
			children = (
				D0C1A47327B4DA90008F00D3 /* Base */,
			);
			name = LaunchScreen.storyboard;
			sourceTree = "<group>";
		};
/* End PBXVariantGroup section */

/* Begin XCBuildConfiguration section */
		D0C1A48C27B4DA91008F00D3 /* Debug */ = {
			isa = XCBuildConfiguration;
			buildSettings = {
				ALWAYS_SEARCH_USER_PATHS = NO;
				CLANG_ANALYZER_NONNULL = YES;
				CLANG_ANALYZER_NUMBER_OBJECT_CONVERSION = YES_AGGRESSIVE;
				CLANG_CXX_LANGUAGE_STANDARD = "gnu++14";
				CLANG_CXX_LIBRARY = "libc++";
				CLANG_ENABLE_MODULES = YES;
				CLANG_ENABLE_OBJC_ARC = YES;
				CLANG_ENABLE_OBJC_WEAK = YES;
				CLANG_WARN_BLOCK_CAPTURE_AUTORELEASING = YES;
				CLANG_WARN_BOOL_CONVERSION = YES;
				CLANG_WARN_COMMA = YES;
				CLANG_WARN_CONSTANT_CONVERSION = YES;
				CLANG_WARN_DEPRECATED_OBJC_IMPLEMENTATIONS = YES;
				CLANG_WARN_DIRECT_OBJC_ISA_USAGE = YES_ERROR;
				CLANG_WARN_DOCUMENTATION_COMMENTS = YES;
				CLANG_WARN_EMPTY_BODY = YES;
				CLANG_WARN_ENUM_CONVERSION = YES;
				CLANG_WARN_INFINITE_RECURSION = YES;
				CLANG_WARN_INT_CONVERSION = YES;
				CLANG_WARN_NON_LITERAL_NULL_CONVERSION = YES;
				CLANG_WARN_OBJC_IMPLICIT_RETAIN_SELF = YES;
				CLANG_WARN_OBJC_LITERAL_CONVERSION = YES;
				CLANG_WARN_OBJC_ROOT_CLASS = YES_ERROR;
				CLANG_WARN_QUOTED_INCLUDE_IN_FRAMEWORK_HEADER = YES;
				CLANG_WARN_RANGE_LOOP_ANALYSIS = YES;
				CLANG_WARN_STRICT_PROTOTYPES = YES;
				CLANG_WARN_SUSPICIOUS_MOVE = YES;
				CLANG_WARN_UNGUARDED_AVAILABILITY = YES_AGGRESSIVE;
				CLANG_WARN_UNREACHABLE_CODE = YES;
				CLANG_WARN__DUPLICATE_METHOD_MATCH = YES;
				COPY_PHASE_STRIP = NO;
				DEBUG_INFORMATION_FORMAT = dwarf;
				ENABLE_STRICT_OBJC_MSGSEND = YES;
				ENABLE_TESTABILITY = YES;
				GCC_C_LANGUAGE_STANDARD = gnu11;
				GCC_DYNAMIC_NO_PIC = NO;
				GCC_NO_COMMON_BLOCKS = YES;
				GCC_OPTIMIZATION_LEVEL = 0;
				GCC_PREPROCESSOR_DEFINITIONS = (
					"DEBUG=1",
					"$(inherited)",
				);
				GCC_WARN_64_TO_32_BIT_CONVERSION = YES;
				GCC_WARN_ABOUT_RETURN_TYPE = YES_ERROR;
				GCC_WARN_UNDECLARED_SELECTOR = YES;
				GCC_WARN_UNINITIALIZED_AUTOS = YES_AGGRESSIVE;
				GCC_WARN_UNUSED_FUNCTION = YES;
				GCC_WARN_UNUSED_VARIABLE = YES;
				IPHONEOS_DEPLOYMENT_TARGET = 14.4;
				MTL_ENABLE_DEBUG_INFO = INCLUDE_SOURCE;
				MTL_FAST_MATH = YES;
				ONLY_ACTIVE_ARCH = YES;
				SDKROOT = iphoneos;
				SWIFT_ACTIVE_COMPILATION_CONDITIONS = DEBUG;
				SWIFT_OPTIMIZATION_LEVEL = "-Onone";
			};
			name = Debug;
		};
		D0C1A48D27B4DA91008F00D3 /* Release */ = {
			isa = XCBuildConfiguration;
			buildSettings = {
				ALWAYS_SEARCH_USER_PATHS = NO;
				CLANG_ANALYZER_NONNULL = YES;
				CLANG_ANALYZER_NUMBER_OBJECT_CONVERSION = YES_AGGRESSIVE;
				CLANG_CXX_LANGUAGE_STANDARD = "gnu++14";
				CLANG_CXX_LIBRARY = "libc++";
				CLANG_ENABLE_MODULES = YES;
				CLANG_ENABLE_OBJC_ARC = YES;
				CLANG_ENABLE_OBJC_WEAK = YES;
				CLANG_WARN_BLOCK_CAPTURE_AUTORELEASING = YES;
				CLANG_WARN_BOOL_CONVERSION = YES;
				CLANG_WARN_COMMA = YES;
				CLANG_WARN_CONSTANT_CONVERSION = YES;
				CLANG_WARN_DEPRECATED_OBJC_IMPLEMENTATIONS = YES;
				CLANG_WARN_DIRECT_OBJC_ISA_USAGE = YES_ERROR;
				CLANG_WARN_DOCUMENTATION_COMMENTS = YES;
				CLANG_WARN_EMPTY_BODY = YES;
				CLANG_WARN_ENUM_CONVERSION = YES;
				CLANG_WARN_INFINITE_RECURSION = YES;
				CLANG_WARN_INT_CONVERSION = YES;
				CLANG_WARN_NON_LITERAL_NULL_CONVERSION = YES;
				CLANG_WARN_OBJC_IMPLICIT_RETAIN_SELF = YES;
				CLANG_WARN_OBJC_LITERAL_CONVERSION = YES;
				CLANG_WARN_OBJC_ROOT_CLASS = YES_ERROR;
				CLANG_WARN_QUOTED_INCLUDE_IN_FRAMEWORK_HEADER = YES;
				CLANG_WARN_RANGE_LOOP_ANALYSIS = YES;
				CLANG_WARN_STRICT_PROTOTYPES = YES;
				CLANG_WARN_SUSPICIOUS_MOVE = YES;
				CLANG_WARN_UNGUARDED_AVAILABILITY = YES_AGGRESSIVE;
				CLANG_WARN_UNREACHABLE_CODE = YES;
				CLANG_WARN__DUPLICATE_METHOD_MATCH = YES;
				COPY_PHASE_STRIP = NO;
				DEBUG_INFORMATION_FORMAT = "dwarf-with-dsym";
				ENABLE_NS_ASSERTIONS = NO;
				ENABLE_STRICT_OBJC_MSGSEND = YES;
				GCC_C_LANGUAGE_STANDARD = gnu11;
				GCC_NO_COMMON_BLOCKS = YES;
				GCC_WARN_64_TO_32_BIT_CONVERSION = YES;
				GCC_WARN_ABOUT_RETURN_TYPE = YES_ERROR;
				GCC_WARN_UNDECLARED_SELECTOR = YES;
				GCC_WARN_UNINITIALIZED_AUTOS = YES_AGGRESSIVE;
				GCC_WARN_UNUSED_FUNCTION = YES;
				GCC_WARN_UNUSED_VARIABLE = YES;
				IPHONEOS_DEPLOYMENT_TARGET = 14.4;
				MTL_ENABLE_DEBUG_INFO = NO;
				MTL_FAST_MATH = YES;
				SDKROOT = iphoneos;
				SWIFT_COMPILATION_MODE = wholemodule;
				SWIFT_OPTIMIZATION_LEVEL = "-O";
				VALIDATE_PRODUCT = YES;
			};
			name = Release;
		};
		D0C1A48F27B4DA91008F00D3 /* Debug */ = {
			isa = XCBuildConfiguration;
			buildSettings = {
				ASSETCATALOG_COMPILER_APPICON_NAME = AppIcon;
				ASSETCATALOG_COMPILER_GLOBAL_ACCENT_COLOR_NAME = AccentColor;
				CODE_SIGN_STYLE = Automatic;
				DEVELOPMENT_TEAM = JTUMNGK7VN;
				INFOPLIST_FILE = ViperArchitectureDemo/Info.plist;
				LD_RUNPATH_SEARCH_PATHS = (
					"$(inherited)",
					"@executable_path/Frameworks",
				);
				PRODUCT_BUNDLE_IDENTIFIER = com.individual.ViperArchitectureDemo;
				PRODUCT_NAME = "$(TARGET_NAME)";
				SWIFT_VERSION = 5.0;
				TARGETED_DEVICE_FAMILY = "1,2";
			};
			name = Debug;
		};
		D0C1A49027B4DA91008F00D3 /* Release */ = {
			isa = XCBuildConfiguration;
			buildSettings = {
				ASSETCATALOG_COMPILER_APPICON_NAME = AppIcon;
				ASSETCATALOG_COMPILER_GLOBAL_ACCENT_COLOR_NAME = AccentColor;
				CODE_SIGN_STYLE = Automatic;
				DEVELOPMENT_TEAM = JTUMNGK7VN;
				INFOPLIST_FILE = ViperArchitectureDemo/Info.plist;
				LD_RUNPATH_SEARCH_PATHS = (
					"$(inherited)",
					"@executable_path/Frameworks",
				);
				PRODUCT_BUNDLE_IDENTIFIER = com.individual.ViperArchitectureDemo;
				PRODUCT_NAME = "$(TARGET_NAME)";
				SWIFT_VERSION = 5.0;
				TARGETED_DEVICE_FAMILY = "1,2";
			};
			name = Release;
		};
		D0C1A49227B4DA91008F00D3 /* Debug */ = {
			isa = XCBuildConfiguration;
			buildSettings = {
				ALWAYS_EMBED_SWIFT_STANDARD_LIBRARIES = YES;
				BUNDLE_LOADER = "$(TEST_HOST)";
				CODE_SIGN_STYLE = Automatic;
				DEVELOPMENT_TEAM = JTUMNGK7VN;
				INFOPLIST_FILE = ViperArchitectureDemoTests/Info.plist;
				IPHONEOS_DEPLOYMENT_TARGET = 14.4;
				LD_RUNPATH_SEARCH_PATHS = (
					"$(inherited)",
					"@executable_path/Frameworks",
					"@loader_path/Frameworks",
				);
				PRODUCT_BUNDLE_IDENTIFIER = com.individual.ViperArchitectureDemoTests;
				PRODUCT_NAME = "$(TARGET_NAME)";
				SWIFT_VERSION = 5.0;
				TARGETED_DEVICE_FAMILY = "1,2";
				TEST_HOST = "$(BUILT_PRODUCTS_DIR)/ViperArchitectureDemo.app/ViperArchitectureDemo";
			};
			name = Debug;
		};
		D0C1A49327B4DA91008F00D3 /* Release */ = {
			isa = XCBuildConfiguration;
			buildSettings = {
				ALWAYS_EMBED_SWIFT_STANDARD_LIBRARIES = YES;
				BUNDLE_LOADER = "$(TEST_HOST)";
				CODE_SIGN_STYLE = Automatic;
				DEVELOPMENT_TEAM = JTUMNGK7VN;
				INFOPLIST_FILE = ViperArchitectureDemoTests/Info.plist;
				IPHONEOS_DEPLOYMENT_TARGET = 14.4;
				LD_RUNPATH_SEARCH_PATHS = (
					"$(inherited)",
					"@executable_path/Frameworks",
					"@loader_path/Frameworks",
				);
				PRODUCT_BUNDLE_IDENTIFIER = com.individual.ViperArchitectureDemoTests;
				PRODUCT_NAME = "$(TARGET_NAME)";
				SWIFT_VERSION = 5.0;
				TARGETED_DEVICE_FAMILY = "1,2";
				TEST_HOST = "$(BUILT_PRODUCTS_DIR)/ViperArchitectureDemo.app/ViperArchitectureDemo";
			};
			name = Release;
		};
		D0C1A49527B4DA91008F00D3 /* Debug */ = {
			isa = XCBuildConfiguration;
			buildSettings = {
				ALWAYS_EMBED_SWIFT_STANDARD_LIBRARIES = YES;
				CODE_SIGN_STYLE = Automatic;
				DEVELOPMENT_TEAM = JTUMNGK7VN;
				INFOPLIST_FILE = ViperArchitectureDemoUITests/Info.plist;
				LD_RUNPATH_SEARCH_PATHS = (
					"$(inherited)",
					"@executable_path/Frameworks",
					"@loader_path/Frameworks",
				);
				PRODUCT_BUNDLE_IDENTIFIER = com.individual.ViperArchitectureDemoUITests;
				PRODUCT_NAME = "$(TARGET_NAME)";
				SWIFT_VERSION = 5.0;
				TARGETED_DEVICE_FAMILY = "1,2";
				TEST_TARGET_NAME = ViperArchitectureDemo;
			};
			name = Debug;
		};
		D0C1A49627B4DA91008F00D3 /* Release */ = {
			isa = XCBuildConfiguration;
			buildSettings = {
				ALWAYS_EMBED_SWIFT_STANDARD_LIBRARIES = YES;
				CODE_SIGN_STYLE = Automatic;
				DEVELOPMENT_TEAM = JTUMNGK7VN;
				INFOPLIST_FILE = ViperArchitectureDemoUITests/Info.plist;
				LD_RUNPATH_SEARCH_PATHS = (
					"$(inherited)",
					"@executable_path/Frameworks",
					"@loader_path/Frameworks",
				);
				PRODUCT_BUNDLE_IDENTIFIER = com.individual.ViperArchitectureDemoUITests;
				PRODUCT_NAME = "$(TARGET_NAME)";
				SWIFT_VERSION = 5.0;
				TARGETED_DEVICE_FAMILY = "1,2";
				TEST_TARGET_NAME = ViperArchitectureDemo;
			};
			name = Release;
		};
/* End XCBuildConfiguration section */

/* Begin XCConfigurationList section */
		D0C1A45C27B4DA8F008F00D3 /* Build configuration list for PBXProject "ViperArchitectureDemo" */ = {
			isa = XCConfigurationList;
			buildConfigurations = (
				D0C1A48C27B4DA91008F00D3 /* Debug */,
				D0C1A48D27B4DA91008F00D3 /* Release */,
			);
			defaultConfigurationIsVisible = 0;
			defaultConfigurationName = Release;
		};
		D0C1A48E27B4DA91008F00D3 /* Build configuration list for PBXNativeTarget "ViperArchitectureDemo" */ = {
			isa = XCConfigurationList;
			buildConfigurations = (
				D0C1A48F27B4DA91008F00D3 /* Debug */,
				D0C1A49027B4DA91008F00D3 /* Release */,
			);
			defaultConfigurationIsVisible = 0;
			defaultConfigurationName = Release;
		};
		D0C1A49127B4DA91008F00D3 /* Build configuration list for PBXNativeTarget "ViperArchitectureDemoTests" */ = {
			isa = XCConfigurationList;
			buildConfigurations = (
				D0C1A49227B4DA91008F00D3 /* Debug */,
				D0C1A49327B4DA91008F00D3 /* Release */,
			);
			defaultConfigurationIsVisible = 0;
			defaultConfigurationName = Release;
		};
		D0C1A49427B4DA91008F00D3 /* Build configuration list for PBXNativeTarget "ViperArchitectureDemoUITests" */ = {
			isa = XCConfigurationList;
			buildConfigurations = (
				D0C1A49527B4DA91008F00D3 /* Debug */,
				D0C1A49627B4DA91008F00D3 /* Release */,
			);
			defaultConfigurationIsVisible = 0;
			defaultConfigurationName = Release;
		};
/* End XCConfigurationList section */

/* Begin XCVersionGroup section */
		D0C1A46D27B4DA8F008F00D3 /* ViperArchitectureDemo.xcdatamodeld */ = {
			isa = XCVersionGroup;
			children = (
				D0C1A46E27B4DA8F008F00D3 /* ViperArchitectureDemo.xcdatamodel */,
			);
			currentVersion = D0C1A46E27B4DA8F008F00D3 /* ViperArchitectureDemo.xcdatamodel */;
			path = ViperArchitectureDemo.xcdatamodeld;
			sourceTree = "<group>";
			versionGroupType = wrapper.xcdatamodel;
		};
/* End XCVersionGroup section */
	};
	rootObject = D0C1A45927B4DA8F008F00D3 /* Project object */;
}
